
Microsoft Visual Studio Solution File, Format Version 12.00
# Visual Studio 15
VisualStudioVersion = 15.0.28307.136
MinimumVisualStudioVersion = 10.0.40219.1
Project("{FAE04EC0-301F-11D3-BF4B-00C04F79EFBC}") = "EcoDim.Core.Shared", "EcoDim.Core.Shared\EcoDim.Core.Shared.csproj", "{52BBC155-0FC1-463E-A747-D09A402001BE}"
EndProject
Project("{FAE04EC0-301F-11D3-BF4B-00C04F79EFBC}") = "EcoDim.Core", "EcoDim.Core\EcoDim.Core.csproj", "{048C3584-D04F-4054-BFC3-599E66F18C51}"
EndProject
Project("{FAE04EC0-301F-11D3-BF4B-00C04F79EFBC}") = "EcoDim.Domain", "EcoDim.Domain\EcoDim.Domain.csproj", "{2F28CCEB-923D-415A-A3CE-B1057186DAF0}"
EndProject
Project("{FAE04EC0-301F-11D3-BF4B-00C04F79EFBC}") = "EcoDim.Infra", "EcoDim.Infra\EcoDim.Infra.csproj", "{5F17BDC8-9E12-4BD2-BD72-E37F91006CD0}"
EndProject
Project("{FAE04EC0-301F-11D3-BF4B-00C04F79EFBC}") = "EcoDim.API", "EcoDim.API\EcoDim.API.csproj", "{FA8D8B7D-E093-44DE-8929-4B5BBAEE58DB}"
EndProject
Project("{2150E333-8FDC-42A3-9474-1A3956D46DE8}") = "1.0 Core", "1.0 Core", "{49BD88AE-41CF-4796-8266-D68EABBC92DA}"
EndProject
Project("{2150E333-8FDC-42A3-9474-1A3956D46DE8}") = "2.0 Domain", "2.0 Domain", "{96C04EB7-CAB0-4708-8C0E-6E380C1E3D70}"
EndProject
Project("{2150E333-8FDC-42A3-9474-1A3956D46DE8}") = "3.0 Infra", "3.0 Infra", "{7B41989A-5B5B-4817-B90B-BAAF169D88BB}"
EndProject
Project("{2150E333-8FDC-42A3-9474-1A3956D46DE8}") = "4.0 Interface", "4.0 Interface", "{94D4940B-E7DC-41F3-8CC1-BB3254D13176}"
EndProject
Project("{2150E333-8FDC-42A3-9474-1A3956D46DE8}") = "5.0 Tests", "5.0 Tests", "{0CC5623A-6097-47E5-BA60-4CAC393B03BB}"
EndProject
Project("{FAE04EC0-301F-11D3-BF4B-00C04F79EFBC}") = "EcoDim.Unit.Tests", "EcoDim.Unit.Tests\EcoDim.Unit.Tests.csproj", "{D7E193BB-5BDD-4C91-8345-E25C8C94FCF7}"
EndProject
Global
	GlobalSection(SolutionConfigurationPlatforms) = preSolution
		Debug|Any CPU = Debug|Any CPU
		Release|Any CPU = Release|Any CPU
	EndGlobalSection
	GlobalSection(ProjectConfigurationPlatforms) = postSolution
		{52BBC155-0FC1-463E-A747-D09A402001BE}.Debug|Any CPU.ActiveCfg = Debug|Any CPU
		{52BBC155-0FC1-463E-A747-D09A402001BE}.Debug|Any CPU.Build.0 = Debug|Any CPU
		{52BBC155-0FC1-463E-A747-D09A402001BE}.Release|Any CPU.ActiveCfg = Release|Any CPU
		{52BBC155-0FC1-463E-A747-D09A402001BE}.Release|Any CPU.Build.0 = Release|Any CPU
		{048C3584-D04F-4054-BFC3-599E66F18C51}.Debug|Any CPU.ActiveCfg = Debug|Any CPU
		{048C3584-D04F-4054-BFC3-599E66F18C51}.Debug|Any CPU.Build.0 = Debug|Any CPU
		{048C3584-D04F-4054-BFC3-599E66F18C51}.Release|Any CPU.ActiveCfg = Release|Any CPU
		{048C3584-D04F-4054-BFC3-599E66F18C51}.Release|Any CPU.Build.0 = Release|Any CPU
		{2F28CCEB-923D-415A-A3CE-B1057186DAF0}.Debug|Any CPU.ActiveCfg = Debug|Any CPU
		{2F28CCEB-923D-415A-A3CE-B1057186DAF0}.Debug|Any CPU.Build.0 = Debug|Any CPU
		{2F28CCEB-923D-415A-A3CE-B1057186DAF0}.Release|Any CPU.ActiveCfg = Release|Any CPU
		{2F28CCEB-923D-415A-A3CE-B1057186DAF0}.Release|Any CPU.Build.0 = Release|Any CPU
		{5F17BDC8-9E12-4BD2-BD72-E37F91006CD0}.Debug|Any CPU.ActiveCfg = Debug|Any CPU
		{5F17BDC8-9E12-4BD2-BD72-E37F91006CD0}.Debug|Any CPU.Build.0 = Debug|Any CPU
		{5F17BDC8-9E12-4BD2-BD72-E37F91006CD0}.Release|Any CPU.ActiveCfg = Release|Any CPU
		{5F17BDC8-9E12-4BD2-BD72-E37F91006CD0}.Release|Any CPU.Build.0 = Release|Any CPU
		{FA8D8B7D-E093-44DE-8929-4B5BBAEE58DB}.Debug|Any CPU.ActiveCfg = Debug|Any CPU
		{FA8D8B7D-E093-44DE-8929-4B5BBAEE58DB}.Debug|Any CPU.Build.0 = Debug|Any CPU
		{FA8D8B7D-E093-44DE-8929-4B5BBAEE58DB}.Release|Any CPU.ActiveCfg = Release|Any CPU
		{FA8D8B7D-E093-44DE-8929-4B5BBAEE58DB}.Release|Any CPU.Build.0 = Release|Any CPU
		{D7E193BB-5BDD-4C91-8345-E25C8C94FCF7}.Debug|Any CPU.ActiveCfg = Debug|Any CPU
		{D7E193BB-5BDD-4C91-8345-E25C8C94FCF7}.Debug|Any CPU.Build.0 = Debug|Any CPU
		{D7E193BB-5BDD-4C91-8345-E25C8C94FCF7}.Release|Any CPU.ActiveCfg = Release|Any CPU
		{D7E193BB-5BDD-4C91-8345-E25C8C94FCF7}.Release|Any CPU.Build.0 = Release|Any CPU
	EndGlobalSection
	GlobalSection(SolutionProperties) = preSolution
		HideSolutionNode = FALSE
	EndGlobalSection
	GlobalSection(NestedProjects) = preSolution
		{52BBC155-0FC1-463E-A747-D09A402001BE} = {49BD88AE-41CF-4796-8266-D68EABBC92DA}
		{048C3584-D04F-4054-BFC3-599E66F18C51} = {49BD88AE-41CF-4796-8266-D68EABBC92DA}
		{2F28CCEB-923D-415A-A3CE-B1057186DAF0} = {96C04EB7-CAB0-4708-8C0E-6E380C1E3D70}
		{5F17BDC8-9E12-4BD2-BD72-E37F91006CD0} = {7B41989A-5B5B-4817-B90B-BAAF169D88BB}
		{FA8D8B7D-E093-44DE-8929-4B5BBAEE58DB} = {94D4940B-E7DC-41F3-8CC1-BB3254D13176}
		{D7E193BB-5BDD-4C91-8345-E25C8C94FCF7} = {0CC5623A-6097-47E5-BA60-4CAC393B03BB}
	EndGlobalSection
	GlobalSection(ExtensibilityGlobals) = postSolution
		SolutionGuid = {6FA23437-E5EF-48AD-9D2F-D0FBD77D828B}
	EndGlobalSection
EndGlobal
